
Microsoft Visual Studio Solution File, Format Version 12.00
# Visual Studio 15
VisualStudioVersion = 15.0.27428.2002
MinimumVisualStudioVersion = 10.0.40219.1
Project("{FAE04EC0-301F-11D3-BF4B-00C04F79EFBC}") = "MiPrimerWebAzure", "MiPrimerWebAzure\MiPrimerWebAzure.csproj", "{BD7F6022-4971-46E6-8D00-DEE6CCA6DEC3}"
EndProject
Global
	GlobalSection(SolutionConfigurationPlatforms) = preSolution
		Debug|Any CPU = Debug|Any CPU
		Release|Any CPU = Release|Any CPU
	EndGlobalSection
	GlobalSection(ProjectConfigurationPlatforms) = postSolution
		{BD7F6022-4971-46E6-8D00-DEE6CCA6DEC3}.Debug|Any CPU.ActiveCfg = Debug|Any CPU
		{BD7F6022-4971-46E6-8D00-DEE6CCA6DEC3}.Debug|Any CPU.Build.0 = Debug|Any CPU
		{BD7F6022-4971-46E6-8D00-DEE6CCA6DEC3}.Release|Any CPU.ActiveCfg = Release|Any CPU
		{BD7F6022-4971-46E6-8D00-DEE6CCA6DEC3}.Release|Any CPU.Build.0 = Release|Any CPU
	EndGlobalSection
	GlobalSection(SolutionProperties) = preSolution
		HideSolutionNode = FALSE
	EndGlobalSection
	GlobalSection(ExtensibilityGlobals) = postSolution
		SolutionGuid = {855A48F0-1E78-4F32-8861-0509C791FE0F}
	EndGlobalSection
EndGlobal
